{
  "name": "bodycount-notebook-website",
  "version": "1.0.0",
  "lockfileVersion": 3,
  "requires": true,
  "packages": {
    "": {
      "name": "bodycount-notebook-website",
      "version": "1.0.0",
      "license": "ISC",
      "dependencies": {
        "js-chat-telegram-widget": "^1.0.1"
      }
    },
    "node_modules/js-chat-telegram-widget": {
      "version": "1.0.1",
      "resolved": "https://registry.npmjs.org/js-chat-telegram-widget/-/js-chat-telegram-widget-1.0.1.tgz",
      "integrity": "sha512-o5inCgzABmsX0ZEDwXM/uUHa4d/o16Z6MBbSOBdGapz9QBRaheG73md4zKkJ2eXnQFivapdmbj36khssctye2Q==",
      "license": "MIT"
    }
  }
}
