{
  "name": "bodycount-notebook-website",
  "version": "1.1.1",
  "lockfileVersion": 3,
  "requires": true,
  "packages": {
    "": {
      "name": "bodycount-notebook-website",
      "version": "1.1.1",
      "dependencies": {
        "js-chat-telegram-widget": "^1.2.1"
      }
    },
    "node_modules/js-chat-telegram-widget": {
      "version": "1.2.1",
      "resolved": "https://registry.npmjs.org/js-chat-telegram-widget/-/js-chat-telegram-widget-1.2.1.tgz",
      "integrity": "sha512-KdSnlk5Jdi2jRKlAbD+AJxmm6M9+xQn8ug5GcEW2eb0WmPV47zaDv89iJRdT+Vlg7F6LA/rgeWbXnuUt22Yifw==",
      "license": "MIT"
    }
  }
}
