{
  "name": "bodycount-notebook-website",
  "version": "1.1.1",
  "lockfileVersion": 3,
  "requires": true,
  "packages": {
    "": {
      "name": "bodycount-notebook-website",
      "version": "1.1.1",
      "dependencies": {
        "js-chat-telegram-widget": "^1.2.0"
      }
    },
    "node_modules/js-chat-telegram-widget": {
      "version": "1.2.0",
      "resolved": "https://registry.npmjs.org/js-chat-telegram-widget/-/js-chat-telegram-widget-1.2.0.tgz",
      "integrity": "sha512-5VsStgwcUuvKrI+A+TVFCtyOYWTsIQkE3ZpPVD99pC2JjlaCYeOMZ4f+hPx+9zFrKTAZDNlxxiMzB0BrVPEYzg==",
      "license": "MIT"
    }
  }
}
